Microsoft Visual Studio Solution File, Format Version 12.00
# Visual Studio Version 17
VisualStudioVersion = 17.5.2.0
MinimumVisualStudioVersion = 10.0.40219.1
Project("{FAE04EC0-301F-11D3-BF4B-00C04F79EFBC}") = "RPGPrac", "RPGPrac.csproj", "{100F9AF2-EF12-7B27-DE98-9DE86288E3D2}"
EndProject
Global
	GlobalSection(SolutionConfigurationPlatforms) = preSolution
		Debug|Any CPU = Debug|Any CPU
		Release|Any CPU = Release|Any CPU
	EndGlobalSection
	GlobalSection(ProjectConfigurationPlatforms) = postSolution
		{100F9AF2-EF12-7B27-DE98-9DE86288E3D2}.Debug|Any CPU.ActiveCfg = Debug|Any CPU
		{100F9AF2-EF12-7B27-DE98-9DE86288E3D2}.Debug|Any CPU.Build.0 = Debug|Any CPU
		{100F9AF2-EF12-7B27-DE98-9DE86288E3D2}.Release|Any CPU.ActiveCfg = Release|Any CPU
		{100F9AF2-EF12-7B27-DE98-9DE86288E3D2}.Release|Any CPU.Build.0 = Release|Any CPU
	EndGlobalSection
	GlobalSection(SolutionProperties) = preSolution
		HideSolutionNode = FALSE
	EndGlobalSection
	GlobalSection(ExtensibilityGlobals) = postSolution
		SolutionGuid = {85611AE4-45CE-4468-91DF-299A71B92D13}
	EndGlobalSection
EndGlobal
